
Microsoft Visual Studio Solution File, Format Version 12.00
# Visual Studio Version 17
VisualStudioVersion = 17.14.36127.28 d17.14
MinimumVisualStudioVersion = 10.0.40219.1
Project("{FAE04EC0-301F-11D3-BF4B-00C04F79EFBC}") = "GetStarted", "GetStarted\GetStarted.csproj", "{A595C51E-3DE0-4C4D-B0F7-97646215EBF1}"
EndProject
Global
	GlobalSection(SolutionConfigurationPlatforms) = preSolution
		Debug|Any CPU = Debug|Any CPU
		Release|Any CPU = Release|Any CPU
	EndGlobalSection
	GlobalSection(ProjectConfigurationPlatforms) = postSolution
		{A595C51E-3DE0-4C4D-B0F7-97646215EBF1}.Debug|Any CPU.ActiveCfg = Debug|Any CPU
		{A595C51E-3DE0-4C4D-B0F7-97646215EBF1}.Debug|Any CPU.Build.0 = Debug|Any CPU
		{A595C51E-3DE0-4C4D-B0F7-97646215EBF1}.Release|Any CPU.ActiveCfg = Release|Any CPU
		{A595C51E-3DE0-4C4D-B0F7-97646215EBF1}.Release|Any CPU.Build.0 = Release|Any CPU
	EndGlobalSection
	GlobalSection(SolutionProperties) = preSolution
		HideSolutionNode = FALSE
	EndGlobalSection
	GlobalSection(ExtensibilityGlobals) = postSolution
		SolutionGuid = {6B5C38D9-E720-4EBB-B6AC-20D225BE0721}
	EndGlobalSection
EndGlobal
